
Microsoft Visual Studio Solution File, Format Version 12.00
# Visual Studio Version 16
VisualStudioVersion = 16.0.28729.10
MinimumVisualStudioVersion = 10.0.40219.1
Project("{9A19103F-16F7-4668-BE54-9A1E7A4F7556}") = "Digitalogygroup.Web", "Digitalogygroup.Web\Digitalogygroup.Web.csproj", "{6C78033A-8E68-4BAB-B2A2-C266F294EE74}"
EndProject
Project("{9A19103F-16F7-4668-BE54-9A1E7A4F7556}") = "Digitalogygroup.DataLayer", "Digitalogygroup.DataLayer\Digitalogygroup.DataLayer.csproj", "{CA84241F-796C-43DE-895A-A8ADA60BAE43}"
EndProject
Project("{9A19103F-16F7-4668-BE54-9A1E7A4F7556}") = "Digitalogygroup.Core", "Digitalogygroup.Core\Digitalogygroup.Core.csproj", "{0874B8B1-6827-4B08-A444-808CB752076C}"
EndProject
Global
	GlobalSection(SolutionConfigurationPlatforms) = preSolution
		Debug|Any CPU = Debug|Any CPU
		Release|Any CPU = Release|Any CPU
	EndGlobalSection
	GlobalSection(ProjectConfigurationPlatforms) = postSolution
		{6C78033A-8E68-4BAB-B2A2-C266F294EE74}.Debug|Any CPU.ActiveCfg = Debug|Any CPU
		{6C78033A-8E68-4BAB-B2A2-C266F294EE74}.Debug|Any CPU.Build.0 = Debug|Any CPU
		{6C78033A-8E68-4BAB-B2A2-C266F294EE74}.Release|Any CPU.ActiveCfg = Release|Any CPU
		{6C78033A-8E68-4BAB-B2A2-C266F294EE74}.Release|Any CPU.Build.0 = Release|Any CPU
		{CA84241F-796C-43DE-895A-A8ADA60BAE43}.Debug|Any CPU.ActiveCfg = Debug|Any CPU
		{CA84241F-796C-43DE-895A-A8ADA60BAE43}.Debug|Any CPU.Build.0 = Debug|Any CPU
		{CA84241F-796C-43DE-895A-A8ADA60BAE43}.Release|Any CPU.ActiveCfg = Release|Any CPU
		{CA84241F-796C-43DE-895A-A8ADA60BAE43}.Release|Any CPU.Build.0 = Release|Any CPU
		{0874B8B1-6827-4B08-A444-808CB752076C}.Debug|Any CPU.ActiveCfg = Debug|Any CPU
		{0874B8B1-6827-4B08-A444-808CB752076C}.Debug|Any CPU.Build.0 = Debug|Any CPU
		{0874B8B1-6827-4B08-A444-808CB752076C}.Release|Any CPU.ActiveCfg = Release|Any CPU
		{0874B8B1-6827-4B08-A444-808CB752076C}.Release|Any CPU.Build.0 = Release|Any CPU
	EndGlobalSection
	GlobalSection(SolutionProperties) = preSolution
		HideSolutionNode = FALSE
	EndGlobalSection
	GlobalSection(ExtensibilityGlobals) = postSolution
		SolutionGuid = {843CE556-1E14-4F3D-A733-B241518495DF}
	EndGlobalSection
EndGlobal
